{
  "name": "hydrate-mongodb",
  "version": "2.0.4",
  "dependencies": {
    "async": {
      "version": "2.6.0",
      "from": "async@>=2.0.1 <3.0.0",
      "resolved": "https://registry.npmjs.org/async/-/async-2.6.0.tgz"
    },
    "camel-case": {
      "version": "3.0.0",
      "from": "camel-case@>=3.0.0 <4.0.0",
      "resolved": "https://registry.npmjs.org/camel-case/-/camel-case-3.0.0.tgz"
    },
    "change-case": {
      "version": "3.0.2",
      "from": "change-case@>=3.0.1 <4.0.0",
      "resolved": "https://registry.npmjs.org/change-case/-/change-case-3.0.2.tgz"
    },
    "constant-case": {
      "version": "2.0.0",
      "from": "constant-case@>=2.0.0 <3.0.0",
      "resolved": "https://registry.npmjs.org/constant-case/-/constant-case-2.0.0.tgz"
    },
    "dot-case": {
      "version": "2.1.1",
      "from": "dot-case@>=2.1.0 <3.0.0",
      "resolved": "https://registry.npmjs.org/dot-case/-/dot-case-2.1.1.tgz"
    },
    "header-case": {
      "version": "1.0.1",
      "from": "header-case@>=1.0.0 <2.0.0",
      "resolved": "https://registry.npmjs.org/header-case/-/header-case-1.0.1.tgz"
    },
    "is-lower-case": {
      "version": "1.1.3",
      "from": "is-lower-case@>=1.1.0 <2.0.0",
      "resolved": "https://registry.npmjs.org/is-lower-case/-/is-lower-case-1.1.3.tgz"
    },
    "is-upper-case": {
      "version": "1.1.2",
      "from": "is-upper-case@>=1.1.0 <2.0.0",
      "resolved": "https://registry.npmjs.org/is-upper-case/-/is-upper-case-1.1.2.tgz"
    },
    "lodash": {
      "version": "4.17.5",
      "from": "lodash@>=4.14.0 <5.0.0",
      "resolved": "https://registry.npmjs.org/lodash/-/lodash-4.17.5.tgz"
    },
    "lower-case": {
      "version": "1.1.4",
      "from": "lower-case@>=1.1.1 <2.0.0",
      "resolved": "https://registry.npmjs.org/lower-case/-/lower-case-1.1.4.tgz"
    },
    "lower-case-first": {
      "version": "1.0.2",
      "from": "lower-case-first@>=1.0.0 <2.0.0",
      "resolved": "https://registry.npmjs.org/lower-case-first/-/lower-case-first-1.0.2.tgz"
    },
    "no-case": {
      "version": "2.3.2",
      "from": "no-case@>=2.3.2 <3.0.0",
      "resolved": "https://registry.npmjs.org/no-case/-/no-case-2.3.2.tgz"
    },
    "param-case": {
      "version": "2.1.1",
      "from": "param-case@>=2.1.0 <3.0.0",
      "resolved": "https://registry.npmjs.org/param-case/-/param-case-2.1.1.tgz"
    },
    "pascal-case": {
      "version": "2.0.1",
      "from": "pascal-case@>=2.0.0 <3.0.0",
      "resolved": "https://registry.npmjs.org/pascal-case/-/pascal-case-2.0.1.tgz"
    },
    "path-case": {
      "version": "2.1.1",
      "from": "path-case@>=2.1.0 <3.0.0",
      "resolved": "https://registry.npmjs.org/path-case/-/path-case-2.1.1.tgz"
    },
    "reflect-helper": {
      "version": "1.1.1",
      "from": "reflect-helper@>=1.1.0 <2.0.0",
      "resolved": "https://registry.npmjs.org/reflect-helper/-/reflect-helper-1.1.1.tgz"
    },
    "reflect-metadata": {
      "version": "0.1.12",
      "from": "reflect-metadata@>=0.1.2 <0.2.0",
      "resolved": "https://registry.npmjs.org/reflect-metadata/-/reflect-metadata-0.1.12.tgz"
    },
    "rx": {
      "version": "4.1.0",
      "from": "rx@>=4.1.0 <5.0.0",
      "resolved": "https://registry.npmjs.org/rx/-/rx-4.1.0.tgz"
    },
    "sentence-case": {
      "version": "2.1.1",
      "from": "sentence-case@>=2.1.0 <3.0.0",
      "resolved": "https://registry.npmjs.org/sentence-case/-/sentence-case-2.1.1.tgz"
    },
    "snake-case": {
      "version": "2.1.0",
      "from": "snake-case@>=2.1.0 <3.0.0",
      "resolved": "https://registry.npmjs.org/snake-case/-/snake-case-2.1.0.tgz"
    },
    "swap-case": {
      "version": "1.1.2",
      "from": "swap-case@>=1.1.0 <2.0.0",
      "resolved": "https://registry.npmjs.org/swap-case/-/swap-case-1.1.2.tgz"
    },
    "title-case": {
      "version": "2.1.1",
      "from": "title-case@>=2.1.0 <3.0.0",
      "resolved": "https://registry.npmjs.org/title-case/-/title-case-2.1.1.tgz"
    },
    "upper-case": {
      "version": "1.1.3",
      "from": "upper-case@>=1.1.1 <2.0.0",
      "resolved": "https://registry.npmjs.org/upper-case/-/upper-case-1.1.3.tgz"
    },
    "upper-case-first": {
      "version": "1.1.2",
      "from": "upper-case-first@>=1.1.0 <2.0.0",
      "resolved": "https://registry.npmjs.org/upper-case-first/-/upper-case-first-1.1.2.tgz"
    }
  }
}
